# This file is generated by running "yarn install" inside your project.
# Manual changes might be lost - proceed with caution!

__metadata:
  version: 8
  cacheKey: 10c0

"@companion-module/base@npm:~1.11.2":
  version: 1.11.3
  resolution: "@companion-module/base@npm:1.11.3"
  dependencies:
    ajv: "npm:^8.17.1"
    colord: "npm:^2.9.3"
    ejson: "npm:^2.2.3"
    eventemitter3: "npm:^5.0.1"
    mimic-fn: "npm:^3.1.0"
    nanoid: "npm:^3.3.8"
    p-queue: "npm:^6.6.2"
    p-timeout: "npm:^4.1.0"
    tslib: "npm:^2.8.1"
  checksum: 10c0/19acbc544de97ed8f02abf03e1d657085e51f0e92363456a84bdc1975723ba1bdfc0e943ff17444cb4e6a2b588abb794a9c5b48efb4d784be32784362e7c4efd
  languageName: node
  linkType: hard

"@types/node@npm:^20.14.10":
  version: 20.17.28
  resolution: "@types/node@npm:20.17.28"
  dependencies:
    undici-types: "npm:~6.19.2"
  checksum: 10c0/d77214e54d8f303d0a79fc896f8c4267b057fbc774448f6d09d24874d521293cd6036292e79b2791a6aef18895bd80dc58c1853bd8a0cf261b08500083f07273
  languageName: node
  linkType: hard

"ajv@npm:^8.17.1":
  version: 8.17.1
  resolution: "ajv@npm:8.17.1"
  dependencies:
    fast-deep-equal: "npm:^3.1.3"
    fast-uri: "npm:^3.0.1"
    json-schema-traverse: "npm:^1.0.0"
    require-from-string: "npm:^2.0.2"
  checksum: 10c0/ec3ba10a573c6b60f94639ffc53526275917a2df6810e4ab5a6b959d87459f9ef3f00d5e7865b82677cb7d21590355b34da14d1d0b9c32d75f95a187e76fff35
  languageName: node
  linkType: hard

"colord@npm:^2.9.3":
  version: 2.9.3
  resolution: "colord@npm:2.9.3"
  checksum: 10c0/9699e956894d8996b28c686afe8988720785f476f59335c80ce852ded76ab3ebe252703aec53d9bef54f6219aea6b960fb3d9a8300058a1d0c0d4026460cd110
  languageName: node
  linkType: hard

"ejson@npm:^2.2.3":
  version: 2.2.3
  resolution: "ejson@npm:2.2.3"
  checksum: 10c0/648ea347f5e57441b7b9341adc6de244445b6da1d0e7747ea7a083f906299b92e4c44fc29e6de0b240d8fa4a73159e85f9367780d7af2ecbc50aae8a4e4961ae
  languageName: node
  linkType: hard

"eventemitter3@npm:^4.0.4":
  version: 4.0.7
  resolution: "eventemitter3@npm:4.0.7"
  checksum: 10c0/5f6d97cbcbac47be798e6355e3a7639a84ee1f7d9b199a07017f1d2f1e2fe236004d14fa5dfaeba661f94ea57805385e326236a6debbc7145c8877fbc0297c6b
  languageName: node
  linkType: hard

"eventemitter3@npm:^5.0.1":
  version: 5.0.1
  resolution: "eventemitter3@npm:5.0.1"
  checksum: 10c0/4ba5c00c506e6c786b4d6262cfbce90ddc14c10d4667e5c83ae993c9de88aa856033994dd2b35b83e8dc1170e224e66a319fa80adc4c32adcd2379bbc75da814
  languageName: node
  linkType: hard

"fast-deep-equal@npm:^3.1.3":
  version: 3.1.3
  resolution: "fast-deep-equal@npm:3.1.3"
  checksum: 10c0/40dedc862eb8992c54579c66d914635afbec43350afbbe991235fdcb4e3a8d5af1b23ae7e79bef7d4882d0ecee06c3197488026998fb19f72dc95acff1d1b1d0
  languageName: node
  linkType: hard

"fast-uri@npm:^3.0.1":
  version: 3.0.6
  resolution: "fast-uri@npm:3.0.6"
  checksum: 10c0/74a513c2af0584448aee71ce56005185f81239eab7a2343110e5bad50c39ad4fb19c5a6f99783ead1cac7ccaf3461a6034fda89fffa2b30b6d99b9f21c2f9d29
  languageName: node
  linkType: hard

"json-schema-traverse@npm:^1.0.0":
  version: 1.0.0
  resolution: "json-schema-traverse@npm:1.0.0"
  checksum: 10c0/71e30015d7f3d6dc1c316d6298047c8ef98a06d31ad064919976583eb61e1018a60a0067338f0f79cabc00d84af3fcc489bd48ce8a46ea165d9541ba17fb30c6
  languageName: node
  linkType: hard

"mimic-fn@npm:^3.1.0":
  version: 3.1.0
  resolution: "mimic-fn@npm:3.1.0"
  checksum: 10c0/a07cdd8ed6490c2dff5b11f889b245d9556b80f5a653a552a651d17cff5a2d156e632d235106c2369f00cccef4071704589574cf3601bc1b1400a1f620dff067
  languageName: node
  linkType: hard

"nanoid@npm:^3.3.8":
  version: 3.3.11
  resolution: "nanoid@npm:3.3.11"
  bin:
    nanoid: bin/nanoid.cjs
  checksum: 10c0/40e7f70b3d15f725ca072dfc4f74e81fcf1fbb02e491cf58ac0c79093adc9b0a73b152bcde57df4b79cd097e13023d7504acb38404a4da7bc1cd8e887b82fe0b
  languageName: node
  linkType: hard

"p-finally@npm:^1.0.0":
  version: 1.0.0
  resolution: "p-finally@npm:1.0.0"
  checksum: 10c0/6b8552339a71fe7bd424d01d8451eea92d379a711fc62f6b2fe64cad8a472c7259a236c9a22b4733abca0b5666ad503cb497792a0478c5af31ded793d00937e7
  languageName: node
  linkType: hard

"p-queue@npm:^6.6.2":
  version: 6.6.2
  resolution: "p-queue@npm:6.6.2"
  dependencies:
    eventemitter3: "npm:^4.0.4"
    p-timeout: "npm:^3.2.0"
  checksum: 10c0/5739ecf5806bbeadf8e463793d5e3004d08bb3f6177bd1a44a005da8fd81bb90f80e4633e1fb6f1dfd35ee663a5c0229abe26aebb36f547ad5a858347c7b0d3e
  languageName: node
  linkType: hard

"p-timeout@npm:^3.2.0":
  version: 3.2.0
  resolution: "p-timeout@npm:3.2.0"
  dependencies:
    p-finally: "npm:^1.0.0"
  checksum: 10c0/524b393711a6ba8e1d48137c5924749f29c93d70b671e6db761afa784726572ca06149c715632da8f70c090073afb2af1c05730303f915604fd38ee207b70a61
  languageName: node
  linkType: hard

"p-timeout@npm:^4.1.0":
  version: 4.1.0
  resolution: "p-timeout@npm:4.1.0"
  checksum: 10c0/25aaf13ae9ebfff4ab45591f6647f3bee1ecede073c367175fb0157c27efb170cfb51259a4d2e9118d2ca595453bc885f086ad0ca7476d1c26cee3d13a7c9f6d
  languageName: node
  linkType: hard

"require-from-string@npm:^2.0.2":
  version: 2.0.2
  resolution: "require-from-string@npm:2.0.2"
  checksum: 10c0/aaa267e0c5b022fc5fd4eef49d8285086b15f2a1c54b28240fdf03599cbd9c26049fee3eab894f2e1f6ca65e513b030a7c264201e3f005601e80c49fb2937ce2
  languageName: node
  linkType: hard

"synaccess-netbooter@workspace:.":
  version: 0.0.0-use.local
  resolution: "synaccess-netbooter@workspace:."
  dependencies:
    "@companion-module/base": "npm:~1.11.2"
    "@types/node": "npm:^20.14.10"
    typescript: "npm:~5.5.3"
  languageName: unknown
  linkType: soft

"tslib@npm:^2.8.1":
  version: 2.8.1
  resolution: "tslib@npm:2.8.1"
  checksum: 10c0/9c4759110a19c53f992d9aae23aac5ced636e99887b51b9e61def52611732872ff7668757d4e4c61f19691e36f4da981cd9485e869b4a7408d689f6bf1f14e62
  languageName: node
  linkType: hard

"typescript@npm:~5.5.3":
  version: 5.5.4
  resolution: "typescript@npm:5.5.4"
  bin:
    tsc: bin/tsc
    tsserver: bin/tsserver
  checksum: 10c0/422be60f89e661eab29ac488c974b6cc0a660fb2228003b297c3d10c32c90f3bcffc1009b43876a082515a3c376b1eefcce823d6e78982e6878408b9a923199c
  languageName: node
  linkType: hard

"typescript@patch:typescript@npm%3A~5.5.3#optional!builtin<compat/typescript>":
  version: 5.5.4
  resolution: "typescript@patch:typescript@npm%3A5.5.4#optional!builtin<compat/typescript>::version=5.5.4&hash=379a07"
  bin:
    tsc: bin/tsc
    tsserver: bin/tsserver
  checksum: 10c0/73409d7b9196a5a1217b3aaad929bf76294d3ce7d6e9766dd880ece296ee91cf7d7db6b16c6c6c630ee5096eccde726c0ef17c7dfa52b01a243e57ae1f09ef07
  languageName: node
  linkType: hard

"undici-types@npm:~6.19.2":
  version: 6.19.8
  resolution: "undici-types@npm:6.19.8"
  checksum: 10c0/078afa5990fba110f6824823ace86073b4638f1d5112ee26e790155f481f2a868cc3e0615505b6f4282bdf74a3d8caad715fd809e870c2bb0704e3ea6082f344
  languageName: node
  linkType: hard
